
Microsoft Visual Studio Solution File, Format Version 12.00
# Visual Studio Version 16
VisualStudioVersion = 16.0.31105.61
MinimumVisualStudioVersion = 10.0.40219.1
Project("{9A19103F-16F7-4668-BE54-9A1E7A4F7556}") = "IsparkDoluluk.Entities", "IsparkDoluluk.Entities\IsparkDoluluk.Entities.csproj", "{2EFE9F59-35D6-4AC1-ABA2-906AC0498A2F}"
EndProject
Project("{FAE04EC0-301F-11D3-BF4B-00C04F79EFBC}") = "IsparkDoluluk.DataAccess", "IsparkDoluluk.DataAccess\IsparkDoluluk.DataAccess.csproj", "{C6622283-BFD0-4744-8EA3-F4C5B0A3606D}"
EndProject
Project("{FAE04EC0-301F-11D3-BF4B-00C04F79EFBC}") = "IsparkDoluluk.Business", "IsparkDoluluk.Business\IsparkDoluluk.Business.csproj", "{21B474E3-67F5-45F3-B801-8375BE041AFA}"
EndProject
Project("{FAE04EC0-301F-11D3-BF4B-00C04F79EFBC}") = "IsparkDoluluk.Api", "IsparkDoluluk.Api\IsparkDoluluk.Api.csproj", "{16191350-684E-46D7-AEE0-7336D2C0C962}"
EndProject
Project("{FAE04EC0-301F-11D3-BF4B-00C04F79EFBC}") = "IsparkDoluluk.Dto", "IsparkDoluluk.Dto\IsparkDoluluk.Dto.csproj", "{D441C01C-603C-4664-9266-5BFC689388DB}"
EndProject
Global
	GlobalSection(SolutionConfigurationPlatforms) = preSolution
		Debug|Any CPU = Debug|Any CPU
		Release|Any CPU = Release|Any CPU
	EndGlobalSection
	GlobalSection(ProjectConfigurationPlatforms) = postSolution
		{2EFE9F59-35D6-4AC1-ABA2-906AC0498A2F}.Debug|Any CPU.ActiveCfg = Debug|Any CPU
		{2EFE9F59-35D6-4AC1-ABA2-906AC0498A2F}.Debug|Any CPU.Build.0 = Debug|Any CPU
		{2EFE9F59-35D6-4AC1-ABA2-906AC0498A2F}.Release|Any CPU.ActiveCfg = Release|Any CPU
		{2EFE9F59-35D6-4AC1-ABA2-906AC0498A2F}.Release|Any CPU.Build.0 = Release|Any CPU
		{C6622283-BFD0-4744-8EA3-F4C5B0A3606D}.Debug|Any CPU.ActiveCfg = Debug|Any CPU
		{C6622283-BFD0-4744-8EA3-F4C5B0A3606D}.Debug|Any CPU.Build.0 = Debug|Any CPU
		{C6622283-BFD0-4744-8EA3-F4C5B0A3606D}.Release|Any CPU.ActiveCfg = Release|Any CPU
		{C6622283-BFD0-4744-8EA3-F4C5B0A3606D}.Release|Any CPU.Build.0 = Release|Any CPU
		{21B474E3-67F5-45F3-B801-8375BE041AFA}.Debug|Any CPU.ActiveCfg = Debug|Any CPU
		{21B474E3-67F5-45F3-B801-8375BE041AFA}.Debug|Any CPU.Build.0 = Debug|Any CPU
		{21B474E3-67F5-45F3-B801-8375BE041AFA}.Release|Any CPU.ActiveCfg = Release|Any CPU
		{21B474E3-67F5-45F3-B801-8375BE041AFA}.Release|Any CPU.Build.0 = Release|Any CPU
		{16191350-684E-46D7-AEE0-7336D2C0C962}.Debug|Any CPU.ActiveCfg = Debug|Any CPU
		{16191350-684E-46D7-AEE0-7336D2C0C962}.Debug|Any CPU.Build.0 = Debug|Any CPU
		{16191350-684E-46D7-AEE0-7336D2C0C962}.Release|Any CPU.ActiveCfg = Release|Any CPU
		{16191350-684E-46D7-AEE0-7336D2C0C962}.Release|Any CPU.Build.0 = Release|Any CPU
		{D441C01C-603C-4664-9266-5BFC689388DB}.Debug|Any CPU.ActiveCfg = Debug|Any CPU
		{D441C01C-603C-4664-9266-5BFC689388DB}.Debug|Any CPU.Build.0 = Debug|Any CPU
		{D441C01C-603C-4664-9266-5BFC689388DB}.Release|Any CPU.ActiveCfg = Release|Any CPU
		{D441C01C-603C-4664-9266-5BFC689388DB}.Release|Any CPU.Build.0 = Release|Any CPU
	EndGlobalSection
	GlobalSection(SolutionProperties) = preSolution
		HideSolutionNode = FALSE
	EndGlobalSection
	GlobalSection(ExtensibilityGlobals) = postSolution
		SolutionGuid = {12C8DF4F-E994-4410-97F1-C1A57A48D50B}
	EndGlobalSection
EndGlobal
